
Microsoft Visual Studio Solution File, Format Version 12.00
# Visual Studio Version 17
VisualStudioVersion = 17.11.35431.28
MinimumVisualStudioVersion = 10.0.40219.1
Project("{FAE04EC0-301F-11D3-BF4B-00C04F79EFBC}") = "Practice 20-21", "Practice 20-21.csproj", "{650B2756-83A3-4D35-AB75-E6473B092C8D}"
EndProject
Global
	GlobalSection(SolutionConfigurationPlatforms) = preSolution
		Debug|Any CPU = Debug|Any CPU
		Release|Any CPU = Release|Any CPU
	EndGlobalSection
	GlobalSection(ProjectConfigurationPlatforms) = postSolution
		{650B2756-83A3-4D35-AB75-E6473B092C8D}.Debug|Any CPU.ActiveCfg = Debug|Any CPU
		{650B2756-83A3-4D35-AB75-E6473B092C8D}.Debug|Any CPU.Build.0 = Debug|Any CPU
		{650B2756-83A3-4D35-AB75-E6473B092C8D}.Release|Any CPU.ActiveCfg = Release|Any CPU
		{650B2756-83A3-4D35-AB75-E6473B092C8D}.Release|Any CPU.Build.0 = Release|Any CPU
	EndGlobalSection
	GlobalSection(SolutionProperties) = preSolution
		HideSolutionNode = FALSE
	EndGlobalSection
	GlobalSection(ExtensibilityGlobals) = postSolution
		SolutionGuid = {2B7A84CC-03FA-4B24-9FA5-AB1605E9883B}
	EndGlobalSection
EndGlobal
